
Microsoft Visual Studio Solution File, Format Version 12.00
# Visual Studio Version 16
VisualStudioVersion = 16.0.34601.136
MinimumVisualStudioVersion = 10.0.40219.1
Project("{FAE04EC0-301F-11D3-BF4B-00C04F79EFBC}") = "IndiaTeachingWebAPI", "IndiaTeachingWebAPI.csproj", "{B42E22BA-BE2C-43F3-BFE4-A7E43363FFCE}"
EndProject
Project("{FAE04EC0-301F-11D3-BF4B-00C04F79EFBC}") = "IndiaTechingClassLibray", "..\IndiaTechingClassLibray\IndiaTechingClassLibray.csproj", "{EFCB8306-DDD0-4F97-8304-3D954545EE13}"
EndProject
Global
	GlobalSection(SolutionConfigurationPlatforms) = preSolution
		Debug|Any CPU = Debug|Any CPU
		Release|Any CPU = Release|Any CPU
	EndGlobalSection
	GlobalSection(ProjectConfigurationPlatforms) = postSolution
		{B42E22BA-BE2C-43F3-BFE4-A7E43363FFCE}.Debug|Any CPU.ActiveCfg = Debug|Any CPU
		{B42E22BA-BE2C-43F3-BFE4-A7E43363FFCE}.Debug|Any CPU.Build.0 = Debug|Any CPU
		{B42E22BA-BE2C-43F3-BFE4-A7E43363FFCE}.Release|Any CPU.ActiveCfg = Release|Any CPU
		{B42E22BA-BE2C-43F3-BFE4-A7E43363FFCE}.Release|Any CPU.Build.0 = Release|Any CPU
		{EFCB8306-DDD0-4F97-8304-3D954545EE13}.Debug|Any CPU.ActiveCfg = Debug|Any CPU
		{EFCB8306-DDD0-4F97-8304-3D954545EE13}.Debug|Any CPU.Build.0 = Debug|Any CPU
		{EFCB8306-DDD0-4F97-8304-3D954545EE13}.Release|Any CPU.ActiveCfg = Release|Any CPU
		{EFCB8306-DDD0-4F97-8304-3D954545EE13}.Release|Any CPU.Build.0 = Release|Any CPU
	EndGlobalSection
	GlobalSection(SolutionProperties) = preSolution
		HideSolutionNode = FALSE
	EndGlobalSection
	GlobalSection(ExtensibilityGlobals) = postSolution
		SolutionGuid = {478D14CD-AD16-47D8-8C98-44682FA7963E}
	EndGlobalSection
EndGlobal
